# THIS IS AN AUTOGENERATED FILE. DO NOT EDIT THIS FILE DIRECTLY.
# yarn lockfile v1


"@foxglove/tsconfig@2.0.0":
  version "2.0.0"
  resolved "https://registry.yarnpkg.com/@foxglove/tsconfig/-/tsconfig-2.0.0.tgz#5bd902c46b446a518c3965bb15384bad5678f5af"
  integrity sha512-tifun2tMxfA0wJ4caDKnLvAm+CpNdaK2BYD78w07GdgMsoeVMu0KxAiR7ehRoR3QN6DUW7XDP5J4DqMTj3YFag==

typescript@5.6.3:
  version "5.6.3"
  resolved "https://registry.yarnpkg.com/typescript/-/typescript-5.6.3.tgz#5f3449e31c9d94febb17de03cc081dd56d81db5b"
  integrity sha512-hjcS1mhfuyi4WW8IWtjP7brDrG2cuDZukyrYrSauoXGNgx0S7zceP07adYkJycEr56BOUTNPzbInooiN3fn1qw==
